
Microsoft Visual Studio Solution File, Format Version 12.00
# Visual Studio Version 17
VisualStudioVersion = 17.4.33122.133
MinimumVisualStudioVersion = 10.0.40219.1
Project("{FAE04EC0-301F-11D3-BF4B-00C04F79EFBC}") = "Asp.net Mvc", "Asp.net Mvc\Asp.net Mvc.csproj", "{522BBBCC-5F45-440C-9ADF-14D5E5426956}"
EndProject
Global
	GlobalSection(SolutionConfigurationPlatforms) = preSolution
		Debug|Any CPU = Debug|Any CPU
		Release|Any CPU = Release|Any CPU
	EndGlobalSection
	GlobalSection(ProjectConfigurationPlatforms) = postSolution
		{522BBBCC-5F45-440C-9ADF-14D5E5426956}.Debug|Any CPU.ActiveCfg = Debug|Any CPU
		{522BBBCC-5F45-440C-9ADF-14D5E5426956}.Debug|Any CPU.Build.0 = Debug|Any CPU
		{522BBBCC-5F45-440C-9ADF-14D5E5426956}.Release|Any CPU.ActiveCfg = Release|Any CPU
		{522BBBCC-5F45-440C-9ADF-14D5E5426956}.Release|Any CPU.Build.0 = Release|Any CPU
	EndGlobalSection
	GlobalSection(SolutionProperties) = preSolution
		HideSolutionNode = FALSE
	EndGlobalSection
	GlobalSection(ExtensibilityGlobals) = postSolution
		SolutionGuid = {F65F4AEB-A2E6-41F1-825C-7C38CC99246A}
	EndGlobalSection
EndGlobal
